// !$*UTF8*$!
{
	archiveVersion = 1;
	classes = {
	};
	objectVersion = 77;
	objects = {

/* Begin PBXContainerItemProxy section */
		4AD825892F0DCB3F008ECA0F /* PBXContainerItemProxy */ = {
			isa = PBXContainerItemProxy;
			containerPortal = 4AD8256E2F0DCB3E008ECA0F /* Project object */;
			proxyType = 1;
			remoteGlobalIDString = 4AD825752F0DCB3E008ECA0F;
			remoteInfo = ZODAFLIRT;
		};
		4AD825932F0DCB3F008ECA0F /* PBXContainerItemProxy */ = {
			isa = PBXContainerItemProxy;
			containerPortal = 4AD8256E2F0DCB3E008ECA0F /* Project object */;
			proxyType = 1;
			remoteGlobalIDString = 4AD825752F0DCB3E008ECA0F;
			remoteInfo = ZODAFLIRT;
		};
/* End PBXContainerItemProxy section */

/* Begin PBXFileReference section */
		4AD825762F0DCB3E008ECA0F /* ZODAFLIRT.app */ = {isa = PBXFileReference; explicitFileType = wrapper.application; includeInIndex = 0; path = ZODAFLIRT.app; sourceTree = BUILT_PRODUCTS_DIR; };
		4AD825882F0DCB3F008ECA0F /* ZODAFLIRTTests.xctest */ = {isa = PBXFileReference; explicitFileType = wrapper.cfbundle; includeInIndex = 0; path = ZODAFLIRTTests.xctest; sourceTree = BUILT_PRODUCTS_DIR; };
		4AD825922F0DCB3F008ECA0F /* ZODAFLIRTUITests.xctest */ = {isa = PBXFileReference; explicitFileType = wrapper.cfbundle; includeInIndex = 0; path = ZODAFLIRTUITests.xctest; sourceTree = BUILT_PRODUCTS_DIR; };
/* End PBXFileReference section */

/* Begin PBXFileSystemSynchronizedRootGroup section */
		4AD825782F0DCB3E008ECA0F /* ZODAFLIRT */ = {
			isa = PBXFileSystemSynchronizedRootGroup;
			path = ZODAFLIRT;
			sourceTree = "<group>";
		};
		4AD8258B2F0DCB3F008ECA0F /* ZODAFLIRTTests */ = {
			isa = PBXFileSystemSynchronizedRootGroup;
			path = ZODAFLIRTTests;
			sourceTree = "<group>";
		};
		4AD825952F0DCB3F008ECA0F /* ZODAFLIRTUITests */ = {
			isa = PBXFileSystemSynchronizedRootGroup;
			path = ZODAFLIRTUITests;
			sourceTree = "<group>";
		};
/* End PBXFileSystemSynchronizedRootGroup section */

/* Begin PBXFrameworksBuildPhase section */
		4AD825732F0DCB3E008ECA0F /* Frameworks */ = {
			isa = PBXFrameworksBuildPhase;
			buildActionMask = 2147483647;
			files = (
			);
			runOnlyForDeploymentPostprocessing = 0;
		};
		4AD825852F0DCB3F008ECA0F /* Frameworks */ = {
			isa = PBXFrameworksBuildPhase;
			buildActionMask = 2147483647;
			files = (
			);
			runOnlyForDeploymentPostprocessing = 0;
		};
		4AD8258F2F0DCB3F008ECA0F /* Frameworks */ = {
			isa = PBXFrameworksBuildPhase;
			buildActionMask = 2147483647;
			files = (
			);
			runOnlyForDeploymentPostprocessing = 0;
		};
/* End PBXFrameworksBuildPhase section */

/* Begin PBXGroup section */
		4AD8256D2F0DCB3E008ECA0F = {
			isa = PBXGroup;
			children = (
				4AD825782F0DCB3E008ECA0F /* ZODAFLIRT */,
				4AD8258B2F0DCB3F008ECA0F /* ZODAFLIRTTests */,
				4AD825952F0DCB3F008ECA0F /* ZODAFLIRTUITests */,
				4AD825772F0DCB3E008ECA0F /* Products */,
			);
			sourceTree = "<group>";
		};
		4AD825772F0DCB3E008ECA0F /* Products */ = {
			isa = PBXGroup;
			children = (
				4AD825762F0DCB3E008ECA0F /* ZODAFLIRT.app */,
				4AD825882F0DCB3F008ECA0F /* ZODAFLIRTTests.xctest */,
				4AD825922F0DCB3F008ECA0F /* ZODAFLIRTUITests.xctest */,
			);
			name = Products;
			sourceTree = "<group>";
		};
/* End PBXGroup section */

/* Begin PBXNativeTarget section */
		4AD825752F0DCB3E008ECA0F /* ZODAFLIRT */ = {
			isa = PBXNativeTarget;
			buildConfigurationList = 4AD8259C2F0DCB3F008ECA0F /* Build configuration list for PBXNativeTarget "ZODAFLIRT" */;
			buildPhases = (
				4AD825722F0DCB3E008ECA0F /* Sources */,
				4AD825732F0DCB3E008ECA0F /* Frameworks */,
				4AD825742F0DCB3E008ECA0F /* Resources */,
			);
			buildRules = (
			);
			dependencies = (
			);
			fileSystemSynchronizedGroups = (
				4AD825782F0DCB3E008ECA0F /* ZODAFLIRT */,
			);
			name = ZODAFLIRT;
			packageProductDependencies = (
			);
			productName = ZODAFLIRT;
			productReference = 4AD825762F0DCB3E008ECA0F /* ZODAFLIRT.app */;
			productType = "com.apple.product-type.application";
		};
		4AD825872F0DCB3F008ECA0F /* ZODAFLIRTTests */ = {
			isa = PBXNativeTarget;
			buildConfigurationList = 4AD8259F2F0DCB3F008ECA0F /* Build configuration list for PBXNativeTarget "ZODAFLIRTTests" */;
			buildPhases = (
				4AD825842F0DCB3F008ECA0F /* Sources */,
				4AD825852F0DCB3F008ECA0F /* Frameworks */,
				4AD825862F0DCB3F008ECA0F /* Resources */,
			);
			buildRules = (
			);
			dependencies = (
				4AD8258A2F0DCB3F008ECA0F /* PBXTargetDependency */,
			);
			fileSystemSynchronizedGroups = (
				4AD8258B2F0DCB3F008ECA0F /* ZODAFLIRTTests */,
			);
			name = ZODAFLIRTTests;
			packageProductDependencies = (
			);
			productName = ZODAFLIRTTests;
			productReference = 4AD825882F0DCB3F008ECA0F /* ZODAFLIRTTests.xctest */;
			productType = "com.apple.product-type.bundle.unit-test";
		};
		4AD825912F0DCB3F008ECA0F /* ZODAFLIRTUITests */ = {
			isa = PBXNativeTarget;
			buildConfigurationList = 4AD825A22F0DCB3F008ECA0F /* Build configuration list for PBXNativeTarget "ZODAFLIRTUITests" */;
			buildPhases = (
				4AD8258E2F0DCB3F008ECA0F /* Sources */,
				4AD8258F2F0DCB3F008ECA0F /* Frameworks */,
				4AD825902F0DCB3F008ECA0F /* Resources */,
			);
			buildRules = (
			);
			dependencies = (
				4AD825942F0DCB3F008ECA0F /* PBXTargetDependency */,
			);
			fileSystemSynchronizedGroups = (
				4AD825952F0DCB3F008ECA0F /* ZODAFLIRTUITests */,
			);
			name = ZODAFLIRTUITests;
			packageProductDependencies = (
			);
			productName = ZODAFLIRTUITests;
			productReference = 4AD825922F0DCB3F008ECA0F /* ZODAFLIRTUITests.xctest */;
			productType = "com.apple.product-type.bundle.ui-testing";
		};
/* End PBXNativeTarget section */

/* Begin PBXProject section */
		4AD8256E2F0DCB3E008ECA0F /* Project object */ = {
			isa = PBXProject;
			attributes = {
				BuildIndependentTargetsInParallel = 1;
				LastSwiftUpdateCheck = 2600;
				LastUpgradeCheck = 2600;
				TargetAttributes = {
					4AD825752F0DCB3E008ECA0F = {
						CreatedOnToolsVersion = 26.0;
					};
					4AD825872F0DCB3F008ECA0F = {
						CreatedOnToolsVersion = 26.0;
						TestTargetID = 4AD825752F0DCB3E008ECA0F;
					};
					4AD825912F0DCB3F008ECA0F = {
						CreatedOnToolsVersion = 26.0;
						TestTargetID = 4AD825752F0DCB3E008ECA0F;
					};
				};
			};
			buildConfigurationList = 4AD825712F0DCB3E008ECA0F /* Build configuration list for PBXProject "ZODAFLIRT" */;
			developmentRegion = en;
			hasScannedForEncodings = 0;
			knownRegions = (
				en,
				Base,
			);
			mainGroup = 4AD8256D2F0DCB3E008ECA0F;
			minimizedProjectReferenceProxies = 1;
			preferredProjectObjectVersion = 77;
			productRefGroup = 4AD825772F0DCB3E008ECA0F /* Products */;
			projectDirPath = "";
			projectRoot = "";
			targets = (
				4AD825752F0DCB3E008ECA0F /* ZODAFLIRT */,
				4AD825872F0DCB3F008ECA0F /* ZODAFLIRTTests */,
				4AD825912F0DCB3F008ECA0F /* ZODAFLIRTUITests */,
			);
		};
/* End PBXProject section */

/* Begin PBXResourcesBuildPhase section */
		4AD825742F0DCB3E008ECA0F /* Resources */ = {
			isa = PBXResourcesBuildPhase;
			buildActionMask = 2147483647;
			files = (
			);
			runOnlyForDeploymentPostprocessing = 0;
		};
		4AD825862F0DCB3F008ECA0F /* Resources */ = {
			isa = PBXResourcesBuildPhase;
			buildActionMask = 2147483647;
			files = (
			);
			runOnlyForDeploymentPostprocessing = 0;
		};
		4AD825902F0DCB3F008ECA0F /* Resources */ = {
			isa = PBXResourcesBuildPhase;
			buildActionMask = 2147483647;
			files = (
			);
			runOnlyForDeploymentPostprocessing = 0;
		};
/* End PBXResourcesBuildPhase section */

/* Begin PBXSourcesBuildPhase section */
		4AD825722F0DCB3E008ECA0F /* Sources */ = {
			isa = PBXSourcesBuildPhase;
			buildActionMask = 2147483647;
			files = (
			);
			runOnlyForDeploymentPostprocessing = 0;
		};
		4AD825842F0DCB3F008ECA0F /* Sources */ = {
			isa = PBXSourcesBuildPhase;
			buildActionMask = 2147483647;
			files = (
			);
			runOnlyForDeploymentPostprocessing = 0;
		};
		4AD8258E2F0DCB3F008ECA0F /* Sources */ = {
			isa = PBXSourcesBuildPhase;
			buildActionMask = 2147483647;
			files = (
			);
			runOnlyForDeploymentPostprocessing = 0;
		};
/* End PBXSourcesBuildPhase section */

/* Begin PBXTargetDependency section */
		4AD8258A2F0DCB3F008ECA0F /* PBXTargetDependency */ = {
			isa = PBXTargetDependency;
			target = 4AD825752F0DCB3E008ECA0F /* ZODAFLIRT */;
			targetProxy = 4AD825892F0DCB3F008ECA0F /* PBXContainerItemProxy */;
		};
		4AD825942F0DCB3F008ECA0F /* PBXTargetDependency */ = {
			isa = PBXTargetDependency;
			target = 4AD825752F0DCB3E008ECA0F /* ZODAFLIRT */;
			targetProxy = 4AD825932F0DCB3F008ECA0F /* PBXContainerItemProxy */;
		};
/* End PBXTargetDependency section */

/* Begin XCBuildConfiguration section */
		4AD8259A2F0DCB3F008ECA0F /* Debug */ = {
			isa = XCBuildConfiguration;
			buildSettings = {
				ALWAYS_SEARCH_USER_PATHS = NO;
				ASSETCATALOG_COMPILER_GENERATE_SWIFT_ASSET_SYMBOL_EXTENSIONS = YES;
				CLANG_ANALYZER_NONNULL = YES;
				CLANG_ANALYZER_NUMBER_OBJECT_CONVERSION = YES_AGGRESSIVE;
				CLANG_CXX_LANGUAGE_STANDARD = "gnu++20";
				CLANG_ENABLE_MODULES = YES;
				CLANG_ENABLE_OBJC_ARC = YES;
				CLANG_ENABLE_OBJC_WEAK = YES;
				CLANG_WARN_BLOCK_CAPTURE_AUTORELEASING = YES;
				CLANG_WARN_BOOL_CONVERSION = YES;
				CLANG_WARN_COMMA = YES;
				CLANG_WARN_CONSTANT_CONVERSION = YES;
				CLANG_WARN_DEPRECATED_OBJC_IMPLEMENTATIONS = YES;
				CLANG_WARN_DIRECT_OBJC_ISA_USAGE = YES_ERROR;
				CLANG_WARN_DOCUMENTATION_COMMENTS = YES;
				CLANG_WARN_EMPTY_BODY = YES;
				CLANG_WARN_ENUM_CONVERSION = YES;
				CLANG_WARN_INFINITE_RECURSION = YES;
				CLANG_WARN_INT_CONVERSION = YES;
				CLANG_WARN_NON_LITERAL_NULL_CONVERSION = YES;
				CLANG_WARN_OBJC_IMPLICIT_RETAIN_SELF = YES;
				CLANG_WARN_OBJC_LITERAL_CONVERSION = YES;
				CLANG_WARN_OBJC_ROOT_CLASS = YES_ERROR;
				CLANG_WARN_QUOTED_INCLUDE_IN_FRAMEWORK_HEADER = YES;
				CLANG_WARN_RANGE_LOOP_ANALYSIS = YES;
				CLANG_WARN_STRICT_PROTOTYPES = YES;
				CLANG_WARN_SUSPICIOUS_MOVE = YES;
				CLANG_WARN_UNGUARDED_AVAILABILITY = YES_AGGRESSIVE;
				CLANG_WARN_UNREACHABLE_CODE = YES;
				CLANG_WARN__DUPLICATE_METHOD_MATCH = YES;
				COPY_PHASE_STRIP = NO;
				DEBUG_INFORMATION_FORMAT = dwarf;
				DEVELOPMENT_TEAM = CP8T399ZF2;
				ENABLE_STRICT_OBJC_MSGSEND = YES;
				ENABLE_TESTABILITY = YES;
				ENABLE_USER_SCRIPT_SANDBOXING = YES;
				GCC_C_LANGUAGE_STANDARD = gnu17;
				GCC_DYNAMIC_NO_PIC = NO;
				GCC_NO_COMMON_BLOCKS = YES;
				GCC_OPTIMIZATION_LEVEL = 0;
				GCC_PREPROCESSOR_DEFINITIONS = (
					"DEBUG=1",
					"$(inherited)",
				);
				GCC_WARN_64_TO_32_BIT_CONVERSION = YES;
				GCC_WARN_ABOUT_RETURN_TYPE = YES_ERROR;
				GCC_WARN_UNDECLARED_SELECTOR = YES;
				GCC_WARN_UNINITIALIZED_AUTOS = YES_AGGRESSIVE;
				GCC_WARN_UNUSED_FUNCTION = YES;
				GCC_WARN_UNUSED_VARIABLE = YES;
				IPHONEOS_DEPLOYMENT_TARGET = 26.0;
				LOCALIZATION_PREFERS_STRING_CATALOGS = YES;
				MTL_ENABLE_DEBUG_INFO = INCLUDE_SOURCE;
				MTL_FAST_MATH = YES;
				ONLY_ACTIVE_ARCH = YES;
				SDKROOT = iphoneos;
				SWIFT_ACTIVE_COMPILATION_CONDITIONS = "DEBUG $(inherited)";
				SWIFT_OPTIMIZATION_LEVEL = "-Onone";
			};
			name = Debug;
		};
		4AD8259B2F0DCB3F008ECA0F /* Release */ = {
			isa = XCBuildConfiguration;
			buildSettings = {
				ALWAYS_SEARCH_USER_PATHS = NO;
				ASSETCATALOG_COMPILER_GENERATE_SWIFT_ASSET_SYMBOL_EXTENSIONS = YES;
				CLANG_ANALYZER_NONNULL = YES;
				CLANG_ANALYZER_NUMBER_OBJECT_CONVERSION = YES_AGGRESSIVE;
				CLANG_CXX_LANGUAGE_STANDARD = "gnu++20";
				CLANG_ENABLE_MODULES = YES;
				CLANG_ENABLE_OBJC_ARC = YES;
				CLANG_ENABLE_OBJC_WEAK = YES;
				CLANG_WARN_BLOCK_CAPTURE_AUTORELEASING = YES;
				CLANG_WARN_BOOL_CONVERSION = YES;
				CLANG_WARN_COMMA = YES;
				CLANG_WARN_CONSTANT_CONVERSION = YES;
				CLANG_WARN_DEPRECATED_OBJC_IMPLEMENTATIONS = YES;
				CLANG_WARN_DIRECT_OBJC_ISA_USAGE = YES_ERROR;
				CLANG_WARN_DOCUMENTATION_COMMENTS = YES;
				CLANG_WARN_EMPTY_BODY = YES;
				CLANG_WARN_ENUM_CONVERSION = YES;
				CLANG_WARN_INFINITE_RECURSION = YES;
				CLANG_WARN_INT_CONVERSION = YES;
				CLANG_WARN_NON_LITERAL_NULL_CONVERSION = YES;
				CLANG_WARN_OBJC_IMPLICIT_RETAIN_SELF = YES;
				CLANG_WARN_OBJC_LITERAL_CONVERSION = YES;
				CLANG_WARN_OBJC_ROOT_CLASS = YES_ERROR;
				CLANG_WARN_QUOTED_INCLUDE_IN_FRAMEWORK_HEADER = YES;
				CLANG_WARN_RANGE_LOOP_ANALYSIS = YES;
				CLANG_WARN_STRICT_PROTOTYPES = YES;
				CLANG_WARN_SUSPICIOUS_MOVE = YES;
				CLANG_WARN_UNGUARDED_AVAILABILITY = YES_AGGRESSIVE;
				CLANG_WARN_UNREACHABLE_CODE = YES;
				CLANG_WARN__DUPLICATE_METHOD_MATCH = YES;
				COPY_PHASE_STRIP = NO;
				DEBUG_INFORMATION_FORMAT = "dwarf-with-dsym";
				DEVELOPMENT_TEAM = CP8T399ZF2;
				ENABLE_NS_ASSERTIONS = NO;
				ENABLE_STRICT_OBJC_MSGSEND = YES;
				ENABLE_USER_SCRIPT_SANDBOXING = YES;
				GCC_C_LANGUAGE_STANDARD = gnu17;
				GCC_NO_COMMON_BLOCKS = YES;
				GCC_WARN_64_TO_32_BIT_CONVERSION = YES;
				GCC_WARN_ABOUT_RETURN_TYPE = YES_ERROR;
				GCC_WARN_UNDECLARED_SELECTOR = YES;
				GCC_WARN_UNINITIALIZED_AUTOS = YES_AGGRESSIVE;
				GCC_WARN_UNUSED_FUNCTION = YES;
				GCC_WARN_UNUSED_VARIABLE = YES;
				IPHONEOS_DEPLOYMENT_TARGET = 26.0;
				LOCALIZATION_PREFERS_STRING_CATALOGS = YES;
				MTL_ENABLE_DEBUG_INFO = NO;
				MTL_FAST_MATH = YES;
				SDKROOT = iphoneos;
				SWIFT_COMPILATION_MODE = wholemodule;
				VALIDATE_PRODUCT = YES;
			};
			name = Release;
		};
		4AD8259D2F0DCB3F008ECA0F /* Debug */ = {
			isa = XCBuildConfiguration;
			buildSettings = {
				ASSETCATALOG_COMPILER_APPICON_NAME = AppIcon;
				ASSETCATALOG_COMPILER_GLOBAL_ACCENT_COLOR_NAME = AccentColor;
				CODE_SIGN_STYLE = Automatic;
				CURRENT_PROJECT_VERSION = 8;
				DEVELOPMENT_TEAM = CP8T399ZF2;
				ENABLE_PREVIEWS = YES;
				GENERATE_INFOPLIST_FILE = YES;
				INFOPLIST_KEY_CFBundleDisplayName = DaterUp;
				INFOPLIST_KEY_UIApplicationSceneManifest_Generation = YES;
				INFOPLIST_KEY_UIApplicationSupportsIndirectInputEvents = YES;
				INFOPLIST_KEY_UILaunchScreen_Generation = YES;
				INFOPLIST_KEY_UISupportedInterfaceOrientations_iPad = "UIInterfaceOrientationPortrait UIInterfaceOrientationPortraitUpsideDown UIInterfaceOrientationLandscapeLeft UIInterfaceOrientationLandscapeRight";
				INFOPLIST_KEY_UISupportedInterfaceOrientations_iPhone = "UIInterfaceOrientationPortrait UIInterfaceOrientationLandscapeLeft UIInterfaceOrientationLandscapeRight";
				LD_RUNPATH_SEARCH_PATHS = (
					"$(inherited)",
					"@executable_path/Frameworks",
				);
				MARKETING_VERSION = 1.0;
				PRODUCT_BUNDLE_IDENTIFIER = SanTech.ZODAFLIRT;
				PRODUCT_NAME = "$(TARGET_NAME)";
				STRING_CATALOG_GENERATE_SYMBOLS = YES;
				SWIFT_APPROACHABLE_CONCURRENCY = YES;
				SWIFT_DEFAULT_ACTOR_ISOLATION = MainActor;
				SWIFT_EMIT_LOC_STRINGS = YES;
				SWIFT_UPCOMING_FEATURE_MEMBER_IMPORT_VISIBILITY = YES;
				SWIFT_VERSION = 5.0;
				TARGETED_DEVICE_FAMILY = "1,2";
			};
			name = Debug;
		};
		4AD8259E2F0DCB3F008ECA0F /* Release */ = {
			isa = XCBuildConfiguration;
			buildSettings = {
				ASSETCATALOG_COMPILER_APPICON_NAME = AppIcon;
				ASSETCATALOG_COMPILER_GLOBAL_ACCENT_COLOR_NAME = AccentColor;
				CODE_SIGN_STYLE = Automatic;
				CURRENT_PROJECT_VERSION = 8;
				DEVELOPMENT_TEAM = CP8T399ZF2;
				ENABLE_PREVIEWS = YES;
				GENERATE_INFOPLIST_FILE = YES;
				INFOPLIST_KEY_CFBundleDisplayName = DaterUp;
				INFOPLIST_KEY_UIApplicationSceneManifest_Generation = YES;
				INFOPLIST_KEY_UIApplicationSupportsIndirectInputEvents = YES;
				INFOPLIST_KEY_UILaunchScreen_Generation = YES;
				INFOPLIST_KEY_UISupportedInterfaceOrientations_iPad = "UIInterfaceOrientationPortrait UIInterfaceOrientationPortraitUpsideDown UIInterfaceOrientationLandscapeLeft UIInterfaceOrientationLandscapeRight";
				INFOPLIST_KEY_UISupportedInterfaceOrientations_iPhone = "UIInterfaceOrientationPortrait UIInterfaceOrientationLandscapeLeft UIInterfaceOrientationLandscapeRight";
				LD_RUNPATH_SEARCH_PATHS = (
					"$(inherited)",
					"@executable_path/Frameworks",
				);
				MARKETING_VERSION = 1.0;
				PRODUCT_BUNDLE_IDENTIFIER = SanTech.ZODAFLIRT;
				PRODUCT_NAME = "$(TARGET_NAME)";
				STRING_CATALOG_GENERATE_SYMBOLS = YES;
				SWIFT_APPROACHABLE_CONCURRENCY = YES;
				SWIFT_DEFAULT_ACTOR_ISOLATION = MainActor;
				SWIFT_EMIT_LOC_STRINGS = YES;
				SWIFT_UPCOMING_FEATURE_MEMBER_IMPORT_VISIBILITY = YES;
				SWIFT_VERSION = 5.0;
				TARGETED_DEVICE_FAMILY = "1,2";
			};
			name = Release;
		};
		4AD825A02F0DCB3F008ECA0F /* Debug */ = {
			isa = XCBuildConfiguration;
			buildSettings = {
				BUNDLE_LOADER = "$(TEST_HOST)";
				CODE_SIGN_STYLE = Automatic;
				CURRENT_PROJECT_VERSION = 1;
				DEVELOPMENT_TEAM = CP8T399ZF2;
				GENERATE_INFOPLIST_FILE = YES;
				IPHONEOS_DEPLOYMENT_TARGET = 26.0;
				MARKETING_VERSION = 1.0;
				PRODUCT_BUNDLE_IDENTIFIER = SanTech.ZODAFLIRTTests;
				PRODUCT_NAME = "$(TARGET_NAME)";
				STRING_CATALOG_GENERATE_SYMBOLS = NO;
				SWIFT_APPROACHABLE_CONCURRENCY = YES;
				SWIFT_EMIT_LOC_STRINGS = NO;
				SWIFT_UPCOMING_FEATURE_MEMBER_IMPORT_VISIBILITY = YES;
				SWIFT_VERSION = 5.0;
				TARGETED_DEVICE_FAMILY = "1,2";
				TEST_HOST = "$(BUILT_PRODUCTS_DIR)/ZODAFLIRT.app/$(BUNDLE_EXECUTABLE_FOLDER_PATH)/ZODAFLIRT";
			};
			name = Debug;
		};
		4AD825A12F0DCB3F008ECA0F /* Release */ = {
			isa = XCBuildConfiguration;
			buildSettings = {
				BUNDLE_LOADER = "$(TEST_HOST)";
				CODE_SIGN_STYLE = Automatic;
				CURRENT_PROJECT_VERSION = 1;
				DEVELOPMENT_TEAM = CP8T399ZF2;
				GENERATE_INFOPLIST_FILE = YES;
				IPHONEOS_DEPLOYMENT_TARGET = 26.0;
				MARKETING_VERSION = 1.0;
				PRODUCT_BUNDLE_IDENTIFIER = SanTech.ZODAFLIRTTests;
				PRODUCT_NAME = "$(TARGET_NAME)";
				STRING_CATALOG_GENERATE_SYMBOLS = NO;
				SWIFT_APPROACHABLE_CONCURRENCY = YES;
				SWIFT_EMIT_LOC_STRINGS = NO;
				SWIFT_UPCOMING_FEATURE_MEMBER_IMPORT_VISIBILITY = YES;
				SWIFT_VERSION = 5.0;
				TARGETED_DEVICE_FAMILY = "1,2";
				TEST_HOST = "$(BUILT_PRODUCTS_DIR)/ZODAFLIRT.app/$(BUNDLE_EXECUTABLE_FOLDER_PATH)/ZODAFLIRT";
			};
			name = Release;
		};
		4AD825A32F0DCB3F008ECA0F /* Debug */ = {
			isa = XCBuildConfiguration;
			buildSettings = {
				CODE_SIGN_STYLE = Automatic;
				CURRENT_PROJECT_VERSION = 1;
				DEVELOPMENT_TEAM = CP8T399ZF2;
				GENERATE_INFOPLIST_FILE = YES;
				MARKETING_VERSION = 1.0;
				PRODUCT_BUNDLE_IDENTIFIER = SanTech.ZODAFLIRTUITests;
				PRODUCT_NAME = "$(TARGET_NAME)";
				STRING_CATALOG_GENERATE_SYMBOLS = NO;
				SWIFT_APPROACHABLE_CONCURRENCY = YES;
				SWIFT_EMIT_LOC_STRINGS = NO;
				SWIFT_UPCOMING_FEATURE_MEMBER_IMPORT_VISIBILITY = YES;
				SWIFT_VERSION = 5.0;
				TARGETED_DEVICE_FAMILY = "1,2";
				TEST_TARGET_NAME = ZODAFLIRT;
			};
			name = Debug;
		};
		4AD825A42F0DCB3F008ECA0F /* Release */ = {
			isa = XCBuildConfiguration;
			buildSettings = {
				CODE_SIGN_STYLE = Automatic;
				CURRENT_PROJECT_VERSION = 1;
				DEVELOPMENT_TEAM = CP8T399ZF2;
				GENERATE_INFOPLIST_FILE = YES;
				MARKETING_VERSION = 1.0;
				PRODUCT_BUNDLE_IDENTIFIER = SanTech.ZODAFLIRTUITests;
				PRODUCT_NAME = "$(TARGET_NAME)";
				STRING_CATALOG_GENERATE_SYMBOLS = NO;
				SWIFT_APPROACHABLE_CONCURRENCY = YES;
				SWIFT_EMIT_LOC_STRINGS = NO;
				SWIFT_UPCOMING_FEATURE_MEMBER_IMPORT_VISIBILITY = YES;
				SWIFT_VERSION = 5.0;
				TARGETED_DEVICE_FAMILY = "1,2";
				TEST_TARGET_NAME = ZODAFLIRT;
			};
			name = Release;
		};
/* End XCBuildConfiguration section */

/* Begin XCConfigurationList section */
		4AD825712F0DCB3E008ECA0F /* Build configuration list for PBXProject "ZODAFLIRT" */ = {
			isa = XCConfigurationList;
			buildConfigurations = (
				4AD8259A2F0DCB3F008ECA0F /* Debug */,
				4AD8259B2F0DCB3F008ECA0F /* Release */,
			);
			defaultConfigurationIsVisible = 0;
			defaultConfigurationName = Release;
		};
		4AD8259C2F0DCB3F008ECA0F /* Build configuration list for PBXNativeTarget "ZODAFLIRT" */ = {
			isa = XCConfigurationList;
			buildConfigurations = (
				4AD8259D2F0DCB3F008ECA0F /* Debug */,
				4AD8259E2F0DCB3F008ECA0F /* Release */,
			);
			defaultConfigurationIsVisible = 0;
			defaultConfigurationName = Release;
		};
		4AD8259F2F0DCB3F008ECA0F /* Build configuration list for PBXNativeTarget "ZODAFLIRTTests" */ = {
			isa = XCConfigurationList;
			buildConfigurations = (
				4AD825A02F0DCB3F008ECA0F /* Debug */,
				4AD825A12F0DCB3F008ECA0F /* Release */,
			);
			defaultConfigurationIsVisible = 0;
			defaultConfigurationName = Release;
		};
		4AD825A22F0DCB3F008ECA0F /* Build configuration list for PBXNativeTarget "ZODAFLIRTUITests" */ = {
			isa = XCConfigurationList;
			buildConfigurations = (
				4AD825A32F0DCB3F008ECA0F /* Debug */,
				4AD825A42F0DCB3F008ECA0F /* Release */,
			);
			defaultConfigurationIsVisible = 0;
			defaultConfigurationName = Release;
		};
/* End XCConfigurationList section */
	};
	rootObject = 4AD8256E2F0DCB3E008ECA0F /* Project object */;
}
